// !$*UTF8*$!
{
	archiveVersion = 1;
	classes = {
	};
	objectVersion = 50;
	objects = {

/* Begin PBXBuildFile section */
		9BD23EED236CB37500EE9DCD /* AppDelegate.swift in Sources */ = {isa = PBXBuildFile; fileRef = 9BD23EEC236CB37500EE9DCD /* AppDelegate.swift */; };
		9BD23EEF236CB37500EE9DCD /* ViewController.swift in Sources */ = {isa = PBXBuildFile; fileRef = 9BD23EEE236CB37500EE9DCD /* ViewController.swift */; };
		9BD23EF2236CB37500EE9DCD /* Main.storyboard in Resources */ = {isa = PBXBuildFile; fileRef = 9BD23EF0236CB37500EE9DCD /* Main.storyboard */; };
		9BD23EF4236CB37800EE9DCD /* Assets.xcassets in Resources */ = {isa = PBXBuildFile; fileRef = 9BD23EF3236CB37800EE9DCD /* Assets.xcassets */; };
		9BD23EF7236CB37800EE9DCD /* LaunchScreen.storyboard in Resources */ = {isa = PBXBuildFile; fileRef = 9BD23EF5236CB37800EE9DCD /* LaunchScreen.storyboard */; };
		9BD23EFF236CB53E00EE9DCD /* Image1.png in Resources */ = {isa = PBXBuildFile; fileRef = 9BD23EFE236CB53E00EE9DCD /* Image1.png */; };
		9BD23F01236CC0F800EE9DCD /* CustomerListTableViewController.swift in Sources */ = {isa = PBXBuildFile; fileRef = 9BD23F00236CC0F800EE9DCD /* CustomerListTableViewController.swift */; };
/* End PBXBuildFile section */

/* Begin PBXFileReference section */
		9BD23EE9236CB37500EE9DCD /* C0722227_MidTerm_MAD3115F2019.app */ = {isa = PBXFileReference; explicitFileType = wrapper.application; includeInIndex = 0; path = C0722227_MidTerm_MAD3115F2019.app; sourceTree = BUILT_PRODUCTS_DIR; };
		9BD23EEC236CB37500EE9DCD /* AppDelegate.swift */ = {isa = PBXFileReference; lastKnownFileType = sourcecode.swift; path = AppDelegate.swift; sourceTree = "<group>"; };
		9BD23EEE236CB37500EE9DCD /* ViewController.swift */ = {isa = PBXFileReference; lastKnownFileType = sourcecode.swift; path = ViewController.swift; sourceTree = "<group>"; };
		9BD23EF1236CB37500EE9DCD /* Base */ = {isa = PBXFileReference; lastKnownFileType = file.storyboard; name = Base; path = Base.lproj/Main.storyboard; sourceTree = "<group>"; };
		9BD23EF3236CB37800EE9DCD /* Assets.xcassets */ = {isa = PBXFileReference; lastKnownFileType = folder.assetcatalog; path = Assets.xcassets; sourceTree = "<group>"; };
		9BD23EF6236CB37800EE9DCD /* Base */ = {isa = PBXFileReference; lastKnownFileType = file.storyboard; name = Base; path = Base.lproj/LaunchScreen.storyboard; sourceTree = "<group>"; };
		9BD23EF8236CB37800EE9DCD /* Info.plist */ = {isa = PBXFileReference; lastKnownFileType = text.plist.xml; path = Info.plist; sourceTree = "<group>"; };
		9BD23EFE236CB53E00EE9DCD /* Image1.png */ = {isa = PBXFileReference; lastKnownFileType = image.png; path = Image1.png; sourceTree = "<group>"; };
		9BD23F00236CC0F800EE9DCD /* CustomerListTableViewController.swift */ = {isa = PBXFileReference; lastKnownFileType = sourcecode.swift; path = CustomerListTableViewController.swift; sourceTree = "<group>"; };
/* End PBXFileReference section */

/* Begin PBXFrameworksBuildPhase section */
		9BD23EE6236CB37500EE9DCD /* Frameworks */ = {
			isa = PBXFrameworksBuildPhase;
			buildActionMask = 2147483647;
			files = (
			);
			runOnlyForDeploymentPostprocessing = 0;
		};
/* End PBXFrameworksBuildPhase section */

/* Begin PBXGroup section */
		9BD23EE0236CB37500EE9DCD = {
			isa = PBXGroup;
			children = (
				9BD23EEB236CB37500EE9DCD /* C0722227_MidTerm_MAD3115F2019 */,
				9BD23EEA236CB37500EE9DCD /* Products */,
			);
			sourceTree = "<group>";
		};
		9BD23EEA236CB37500EE9DCD /* Products */ = {
			isa = PBXGroup;
			children = (
				9BD23EE9236CB37500EE9DCD /* C0722227_MidTerm_MAD3115F2019.app */,
			);
			name = Products;
			sourceTree = "<group>";
		};
		9BD23EEB236CB37500EE9DCD /* C0722227_MidTerm_MAD3115F2019 */ = {
			isa = PBXGroup;
			children = (
				9BD23EEC236CB37500EE9DCD /* AppDelegate.swift */,
				9BD23EEE236CB37500EE9DCD /* ViewController.swift */,
				9BD23EF0236CB37500EE9DCD /* Main.storyboard */,
				9BD23EF3236CB37800EE9DCD /* Assets.xcassets */,
				9BD23EF5236CB37800EE9DCD /* LaunchScreen.storyboard */,
				9BD23EFE236CB53E00EE9DCD /* Image1.png */,
				9BD23EF8236CB37800EE9DCD /* Info.plist */,
				9BD23F00236CC0F800EE9DCD /* CustomerListTableViewController.swift */,
			);
			path = C0722227_MidTerm_MAD3115F2019;
			sourceTree = "<group>";
		};
/* End PBXGroup section */

/* Begin PBXNativeTarget section */
		9BD23EE8236CB37500EE9DCD /* C0722227_MidTerm_MAD3115F2019 */ = {
			isa = PBXNativeTarget;
			buildConfigurationList = 9BD23EFB236CB37800EE9DCD /* Build configuration list for PBXNativeTarget "C0722227_MidTerm_MAD3115F2019" */;
			buildPhases = (
				9BD23EE5236CB37500EE9DCD /* Sources */,
				9BD23EE6236CB37500EE9DCD /* Frameworks */,
				9BD23EE7236CB37500EE9DCD /* Resources */,
			);
			buildRules = (
			);
			dependencies = (
			);
			name = C0722227_MidTerm_MAD3115F2019;
			productName = C0722227_MidTerm_MAD3115F2019;
			productReference = 9BD23EE9236CB37500EE9DCD /* C0722227_MidTerm_MAD3115F2019.app */;
			productType = "com.apple.product-type.application";
		};
/* End PBXNativeTarget section */

/* Begin PBXProject section */
		9BD23EE1236CB37500EE9DCD /* Project object */ = {
			isa = PBXProject;
			attributes = {
				LastSwiftUpdateCheck = 1030;
				LastUpgradeCheck = 1030;
				ORGANIZATIONNAME = MacStudent;
				TargetAttributes = {
					9BD23EE8236CB37500EE9DCD = {
						CreatedOnToolsVersion = 10.3;
					};
				};
			};
			buildConfigurationList = 9BD23EE4236CB37500EE9DCD /* Build configuration list for PBXProject "C0722227_MidTerm_MAD3115F2019" */;
			compatibilityVersion = "Xcode 9.3";
			developmentRegion = en;
			hasScannedForEncodings = 0;
			knownRegions = (
				en,
				Base,
			);
			mainGroup = 9BD23EE0236CB37500EE9DCD;
			productRefGroup = 9BD23EEA236CB37500EE9DCD /* Products */;
			projectDirPath = "";
			projectRoot = "";
			targets = (
				9BD23EE8236CB37500EE9DCD /* C0722227_MidTerm_MAD3115F2019 */,
			);
		};
/* End PBXProject section */

/* Begin PBXResourcesBuildPhase section */
		9BD23EE7236CB37500EE9DCD /* Resources */ = {
			isa = PBXResourcesBuildPhase;
			buildActionMask = 2147483647;
			files = (
				9BD23EF7236CB37800EE9DCD /* LaunchScreen.storyboard in Resources */,
				9BD23EF4236CB37800EE9DCD /* Assets.xcassets in Resources */,
				9BD23EF2236CB37500EE9DCD /* Main.storyboard in Resources */,
				9BD23EFF236CB53E00EE9DCD /* Image1.png in Resources */,
			);
			runOnlyForDeploymentPostprocessing = 0;
		};
/* End PBXResourcesBuildPhase section */

/* Begin PBXSourcesBuildPhase section */
		9BD23EE5236CB37500EE9DCD /* Sources */ = {
			isa = PBXSourcesBuildPhase;
			buildActionMask = 2147483647;
			files = (
				9BD23EEF236CB37500EE9DCD /* ViewController.swift in Sources */,
				9BD23F01236CC0F800EE9DCD /* CustomerListTableViewController.swift in Sources */,
				9BD23EED236CB37500EE9DCD /* AppDelegate.swift in Sources */,
			);
			runOnlyForDeploymentPostprocessing = 0;
		};
/* End PBXSourcesBuildPhase section */

/* Begin PBXVariantGroup section */
		9BD23EF0236CB37500EE9DCD /* Main.storyboard */ = {
			isa = PBXVariantGroup;
			children = (
				9BD23EF1236CB37500EE9DCD /* Base */,
			);
			name = Main.storyboard;
			sourceTree = "<group>";
		};
		9BD23EF5236CB37800EE9DCD /* LaunchScreen.storyboard */ = {
			isa = PBXVariantGroup;
			children = (
				9BD23EF6236CB37800EE9DCD /* Base */,
			);
			name = LaunchScreen.storyboard;
			sourceTree = "<group>";
		};
/* End PBXVariantGroup section */

/* Begin XCBuildConfiguration section */
		9BD23EF9236CB37800EE9DCD /* Debug */ = {
			isa = XCBuildConfiguration;
			buildSettings = {
				ALWAYS_SEARCH_USER_PATHS = NO;
				CLANG_ANALYZER_NONNULL = YES;
				CLANG_ANALYZER_NUMBER_OBJECT_CONVERSION = YES_AGGRESSIVE;
				CLANG_CXX_LANGUAGE_STANDARD = "gnu++14";
				CLANG_CXX_LIBRARY = "libc++";
				CLANG_ENABLE_MODULES = YES;
				CLANG_ENABLE_OBJC_ARC = YES;
				CLANG_ENABLE_OBJC_WEAK = YES;
				CLANG_WARN_BLOCK_CAPTURE_AUTORELEASING = YES;
				CLANG_WARN_BOOL_CONVERSION = YES;
				CLANG_WARN_COMMA = YES;
				CLANG_WARN_CONSTANT_CONVERSION = YES;
				CLANG_WARN_DEPRECATED_OBJC_IMPLEMENTATIONS = YES;
				CLANG_WARN_DIRECT_OBJC_ISA_USAGE = YES_ERROR;
				CLANG_WARN_DOCUMENTATION_COMMENTS = YES;
				CLANG_WARN_EMPTY_BODY = YES;
				CLANG_WARN_ENUM_CONVERSION = YES;
				CLANG_WARN_INFINITE_RECURSION = YES;
				CLANG_WARN_INT_CONVERSION = YES;
				CLANG_WARN_NON_LITERAL_NULL_CONVERSION = YES;
				CLANG_WARN_OBJC_IMPLICIT_RETAIN_SELF = YES;
				CLANG_WARN_OBJC_LITERAL_CONVERSION = YES;
				CLANG_WARN_OBJC_ROOT_CLASS = YES_ERROR;
				CLANG_WARN_RANGE_LOOP_ANALYSIS = YES;
				CLANG_WARN_STRICT_PROTOTYPES = YES;
				CLANG_WARN_SUSPICIOUS_MOVE = YES;
				CLANG_WARN_UNGUARDED_AVAILABILITY = YES_AGGRESSIVE;
				CLANG_WARN_UNREACHABLE_CODE = YES;
				CLANG_WARN__DUPLICATE_METHOD_MATCH = YES;
				CODE_SIGN_IDENTITY = "iPhone Developer";
				COPY_PHASE_STRIP = NO;
				DEBUG_INFORMATION_FORMAT = dwarf;
				ENABLE_STRICT_OBJC_MSGSEND = YES;
				ENABLE_TESTABILITY = YES;
				GCC_C_LANGUAGE_STANDARD = gnu11;
				GCC_DYNAMIC_NO_PIC = NO;
				GCC_NO_COMMON_BLOCKS = YES;
				GCC_OPTIMIZATION_LEVEL = 0;
				GCC_PREPROCESSOR_DEFINITIONS = (
					"DEBUG=1",
					"$(inherited)",
				);
				GCC_WARN_64_TO_32_BIT_CONVERSION = YES;
				GCC_WARN_ABOUT_RETURN_TYPE = YES_ERROR;
				GCC_WARN_UNDECLARED_SELECTOR = YES;
				GCC_WARN_UNINITIALIZED_AUTOS = YES_AGGRESSIVE;
				GCC_WARN_UNUSED_FUNCTION = YES;
				GCC_WARN_UNUSED_VARIABLE = YES;
				IPHONEOS_DEPLOYMENT_TARGET = 12.4;
				MTL_ENABLE_DEBUG_INFO = INCLUDE_SOURCE;
				MTL_FAST_MATH = YES;
				ONLY_ACTIVE_ARCH = YES;
				SDKROOT = iphoneos;
				SWIFT_ACTIVE_COMPILATION_CONDITIONS = DEBUG;
				SWIFT_OPTIMIZATION_LEVEL = "-Onone";
			};
			name = Debug;
		};
		9BD23EFA236CB37800EE9DCD /* Release */ = {
			isa = XCBuildConfiguration;
			buildSettings = {
				ALWAYS_SEARCH_USER_PATHS = NO;
				CLANG_ANALYZER_NONNULL = YES;
				CLANG_ANALYZER_NUMBER_OBJECT_CONVERSION = YES_AGGRESSIVE;
				CLANG_CXX_LANGUAGE_STANDARD = "gnu++14";
				CLANG_CXX_LIBRARY = "libc++";
				CLANG_ENABLE_MODULES = YES;
				CLANG_ENABLE_OBJC_ARC = YES;
				CLANG_ENABLE_OBJC_WEAK = YES;
				CLANG_WARN_BLOCK_CAPTURE_AUTORELEASING = YES;
				CLANG_WARN_BOOL_CONVERSION = YES;
				CLANG_WARN_COMMA = YES;
				CLANG_WARN_CONSTANT_CONVERSION = YES;
				CLANG_WARN_DEPRECATED_OBJC_IMPLEMENTATIONS = YES;
				CLANG_WARN_DIRECT_OBJC_ISA_USAGE = YES_ERROR;
				CLANG_WARN_DOCUMENTATION_COMMENTS = YES;
				CLANG_WARN_EMPTY_BODY = YES;
				CLANG_WARN_ENUM_CONVERSION = YES;
				CLANG_WARN_INFINITE_RECURSION = YES;
				CLANG_WARN_INT_CONVERSION = YES;
				CLANG_WARN_NON_LITERAL_NULL_CONVERSION = YES;
				CLANG_WARN_OBJC_IMPLICIT_RETAIN_SELF = YES;
				CLANG_WARN_OBJC_LITERAL_CONVERSION = YES;
				CLANG_WARN_OBJC_ROOT_CLASS = YES_ERROR;
				CLANG_WARN_RANGE_LOOP_ANALYSIS = YES;
				CLANG_WARN_STRICT_PROTOTYPES = YES;
				CLANG_WARN_SUSPICIOUS_MOVE = YES;
				CLANG_WARN_UNGUARDED_AVAILABILITY = YES_AGGRESSIVE;
				CLANG_WARN_UNREACHABLE_CODE = YES;
				CLANG_WARN__DUPLICATE_METHOD_MATCH = YES;
				CODE_SIGN_IDENTITY = "iPhone Developer";
				COPY_PHASE_STRIP = NO;
				DEBUG_INFORMATION_FORMAT = "dwarf-with-dsym";
				ENABLE_NS_ASSERTIONS = NO;
				ENABLE_STRICT_OBJC_MSGSEND = YES;
				GCC_C_LANGUAGE_STANDARD = gnu11;
				GCC_NO_COMMON_BLOCKS = YES;
				GCC_WARN_64_TO_32_BIT_CONVERSION = YES;
				GCC_WARN_ABOUT_RETURN_TYPE = YES_ERROR;
				GCC_WARN_UNDECLARED_SELECTOR = YES;
				GCC_WARN_UNINITIALIZED_AUTOS = YES_AGGRESSIVE;
				GCC_WARN_UNUSED_FUNCTION = YES;
				GCC_WARN_UNUSED_VARIABLE = YES;
				IPHONEOS_DEPLOYMENT_TARGET = 12.4;
				MTL_ENABLE_DEBUG_INFO = NO;
				MTL_FAST_MATH = YES;
				SDKROOT = iphoneos;
				SWIFT_COMPILATION_MODE = wholemodule;
				SWIFT_OPTIMIZATION_LEVEL = "-O";
				VALIDATE_PRODUCT = YES;
			};
			name = Release;
		};
		9BD23EFC236CB37800EE9DCD /* Debug */ = {
			isa = XCBuildConfiguration;
			buildSettings = {
				ASSETCATALOG_COMPILER_APPICON_NAME = AppIcon;
				CODE_SIGN_STYLE = Automatic;
				INFOPLIST_FILE = C0722227_MidTerm_MAD3115F2019/Info.plist;
				LD_RUNPATH_SEARCH_PATHS = (
					"$(inherited)",
					"@executable_path/Frameworks",
				);
				PRODUCT_BUNDLE_IDENTIFIER = "CestarCollege.C0722227-MidTerm-MAD3115F2019";
				PRODUCT_NAME = "$(TARGET_NAME)";
				SWIFT_VERSION = 5.0;
				TARGETED_DEVICE_FAMILY = "1,2";
			};
			name = Debug;
		};
		9BD23EFD236CB37800EE9DCD /* Release */ = {
			isa = XCBuildConfiguration;
			buildSettings = {
				ASSETCATALOG_COMPILER_APPICON_NAME = AppIcon;
				CODE_SIGN_STYLE = Automatic;
				INFOPLIST_FILE = C0722227_MidTerm_MAD3115F2019/Info.plist;
				LD_RUNPATH_SEARCH_PATHS = (
					"$(inherited)",
					"@executable_path/Frameworks",
				);
				PRODUCT_BUNDLE_IDENTIFIER = "CestarCollege.C0722227-MidTerm-MAD3115F2019";
				PRODUCT_NAME = "$(TARGET_NAME)";
				SWIFT_VERSION = 5.0;
				TARGETED_DEVICE_FAMILY = "1,2";
			};
			name = Release;
		};
/* End XCBuildConfiguration section */

/* Begin XCConfigurationList section */
		9BD23EE4236CB37500EE9DCD /* Build configuration list for PBXProject "C0722227_MidTerm_MAD3115F2019" */ = {
			isa = XCConfigurationList;
			buildConfigurations = (
				9BD23EF9236CB37800EE9DCD /* Debug */,
				9BD23EFA236CB37800EE9DCD /* Release */,
			);
			defaultConfigurationIsVisible = 0;
			defaultConfigurationName = Release;
		};
		9BD23EFB236CB37800EE9DCD /* Build configuration list for PBXNativeTarget "C0722227_MidTerm_MAD3115F2019" */ = {
			isa = XCConfigurationList;
			buildConfigurations = (
				9BD23EFC236CB37800EE9DCD /* Debug */,
				9BD23EFD236CB37800EE9DCD /* Release */,
			);
			defaultConfigurationIsVisible = 0;
			defaultConfigurationName = Release;
		};
/* End XCConfigurationList section */
	};
	rootObject = 9BD23EE1236CB37500EE9DCD /* Project object */;
}
